// !$*UTF8*$!
{
	archiveVersion = 1;
	classes = {
	};
	objectVersion = 48;
	objects = {

/* Begin PBXBuildFile section */
		16C29E2D1E6AAFFD0027AAC1 /* Makefile in Sources */ = {isa = PBXBuildFile; fileRef = 16C29E251E6AAFFD0027AAC1 /* Makefile */; };
		16C29E2E1E6AAFFD0027AAC1 /* main.cpp in Sources */ = {isa = PBXBuildFile; fileRef = 16C29E2B1E6AAFFD0027AAC1 /* main.cpp */; };
		16C29E2F1E6AAFFD0027AAC1 /* README.md in Sources */ = {isa = PBXBuildFile; fileRef = 16C29E2C1E6AAFFD0027AAC1 /* README.md */; };
		16C29E5E1E6AE49F0027AAC1 /* BSON.cpp in Sources */ = {isa = PBXBuildFile; fileRef = 16C29E5C1E6AE49F0027AAC1 /* BSON.cpp */; };
		16ED55E11E6D69F8009AF2DC /* test2.bson in CopyFiles */ = {isa = PBXBuildFile; fileRef = 16A50C3F1E6D68BD00A6BA6D /* test2.bson */; };
		16ED55E21E6D69F8009AF2DC /* test.bson in CopyFiles */ = {isa = PBXBuildFile; fileRef = 16C29E611E6AE5070027AAC1 /* test.bson */; };
		16ED55E41E6D6ED9009AF2DC /* identities.bson in Resources */ = {isa = PBXBuildFile; fileRef = 16ED55E31E6D6ED9009AF2DC /* identities.bson */; };
		16ED55E51E6D6EE6009AF2DC /* identities.bson in CopyFiles */ = {isa = PBXBuildFile; fileRef = 16ED55E31E6D6ED9009AF2DC /* identities.bson */; };
		16ED55E71E6DC11D009AF2DC /* clerks.bson in Resources */ = {isa = PBXBuildFile; fileRef = 16ED55E61E6DC11D009AF2DC /* clerks.bson */; };
		16ED55E81E6DC12B009AF2DC /* test2.bson in Resources */ = {isa = PBXBuildFile; fileRef = 16A50C3F1E6D68BD00A6BA6D /* test2.bson */; };
		16ED55E91E6DC12B009AF2DC /* test.bson in Resources */ = {isa = PBXBuildFile; fileRef = 16C29E611E6AE5070027AAC1 /* test.bson */; };
		16ED55EA1E6DC155009AF2DC /* clerks.bson in CopyFiles */ = {isa = PBXBuildFile; fileRef = 16ED55E61E6DC11D009AF2DC /* clerks.bson */; };
/* End PBXBuildFile section */

/* Begin PBXCopyFilesBuildPhase section */
		16C29E0D1E6A97F20027AAC1 /* CopyFiles */ = {
			isa = PBXCopyFilesBuildPhase;
			buildActionMask = 12;
			dstPath = "";
			dstSubfolderSpec = 16;
			files = (
				16ED55EA1E6DC155009AF2DC /* clerks.bson in CopyFiles */,
				16ED55E51E6D6EE6009AF2DC /* identities.bson in CopyFiles */,
				16ED55E11E6D69F8009AF2DC /* test2.bson in CopyFiles */,
				16ED55E21E6D69F8009AF2DC /* test.bson in CopyFiles */,
			);
			runOnlyForDeploymentPostprocessing = 0;
		};
/* End PBXCopyFilesBuildPhase section */

/* Begin PBXFileReference section */
		16A50C3F1E6D68BD00A6BA6D /* test2.bson */ = {isa = PBXFileReference; lastKnownFileType = file; path = test2.bson; sourceTree = "<group>"; };
		16C29E0F1E6A97F20027AAC1 /* bsonparser */ = {isa = PBXFileReference; explicitFileType = "compiled.mach-o.executable"; includeInIndex = 0; path = bsonparser; sourceTree = BUILT_PRODUCTS_DIR; };
		16C29E251E6AAFFD0027AAC1 /* Makefile */ = {isa = PBXFileReference; fileEncoding = 4; lastKnownFileType = sourcecode.make; path = Makefile; sourceTree = "<group>"; };
		16C29E2B1E6AAFFD0027AAC1 /* main.cpp */ = {isa = PBXFileReference; fileEncoding = 4; lastKnownFileType = sourcecode.cpp.cpp; path = main.cpp; sourceTree = "<group>"; };
		16C29E2C1E6AAFFD0027AAC1 /* README.md */ = {isa = PBXFileReference; fileEncoding = 4; lastKnownFileType = net.daringfireball.markdown; path = README.md; sourceTree = "<group>"; };
		16C29E361E6ACBD90027AAC1 /* allocators.h */ = {isa = PBXFileReference; fileEncoding = 4; lastKnownFileType = sourcecode.c.h; path = allocators.h; sourceTree = "<group>"; };
		16C29E371E6ACBD90027AAC1 /* document.h */ = {isa = PBXFileReference; fileEncoding = 4; lastKnownFileType = sourcecode.c.h; path = document.h; sourceTree = "<group>"; };
		16C29E381E6ACBD90027AAC1 /* encodedstream.h */ = {isa = PBXFileReference; fileEncoding = 4; lastKnownFileType = sourcecode.c.h; path = encodedstream.h; sourceTree = "<group>"; };
		16C29E391E6ACBD90027AAC1 /* encodings.h */ = {isa = PBXFileReference; fileEncoding = 4; lastKnownFileType = sourcecode.c.h; path = encodings.h; sourceTree = "<group>"; };
		16C29E3B1E6ACBD90027AAC1 /* en.h */ = {isa = PBXFileReference; fileEncoding = 4; lastKnownFileType = sourcecode.c.h; path = en.h; sourceTree = "<group>"; };
		16C29E3C1E6ACBD90027AAC1 /* error.h */ = {isa = PBXFileReference; fileEncoding = 4; lastKnownFileType = sourcecode.c.h; path = error.h; sourceTree = "<group>"; };
		16C29E3D1E6ACBD90027AAC1 /* filereadstream.h */ = {isa = PBXFileReference; fileEncoding = 4; lastKnownFileType = sourcecode.c.h; path = filereadstream.h; sourceTree = "<group>"; };
		16C29E3E1E6ACBD90027AAC1 /* filewritestream.h */ = {isa = PBXFileReference; fileEncoding = 4; lastKnownFileType = sourcecode.c.h; path = filewritestream.h; sourceTree = "<group>"; };
		16C29E3F1E6ACBD90027AAC1 /* fwd.h */ = {isa = PBXFileReference; fileEncoding = 4; lastKnownFileType = sourcecode.c.h; path = fwd.h; sourceTree = "<group>"; };
		16C29E411E6ACBD90027AAC1 /* biginteger.h */ = {isa = PBXFileReference; fileEncoding = 4; lastKnownFileType = sourcecode.c.h; path = biginteger.h; sourceTree = "<group>"; };
		16C29E421E6ACBD90027AAC1 /* diyfp.h */ = {isa = PBXFileReference; fileEncoding = 4; lastKnownFileType = sourcecode.c.h; path = diyfp.h; sourceTree = "<group>"; };
		16C29E431E6ACBD90027AAC1 /* dtoa.h */ = {isa = PBXFileReference; fileEncoding = 4; lastKnownFileType = sourcecode.c.h; path = dtoa.h; sourceTree = "<group>"; };
		16C29E441E6ACBD90027AAC1 /* ieee754.h */ = {isa = PBXFileReference; fileEncoding = 4; lastKnownFileType = sourcecode.c.h; path = ieee754.h; sourceTree = "<group>"; };
		16C29E451E6ACBD90027AAC1 /* itoa.h */ = {isa = PBXFileReference; fileEncoding = 4; lastKnownFileType = sourcecode.c.h; path = itoa.h; sourceTree = "<group>"; };
		16C29E461E6ACBD90027AAC1 /* meta.h */ = {isa = PBXFileReference; fileEncoding = 4; lastKnownFileType = sourcecode.c.h; path = meta.h; sourceTree = "<group>"; };
		16C29E471E6ACBD90027AAC1 /* pow10.h */ = {isa = PBXFileReference; fileEncoding = 4; lastKnownFileType = sourcecode.c.h; path = pow10.h; sourceTree = "<group>"; };
		16C29E481E6ACBD90027AAC1 /* regex.h */ = {isa = PBXFileReference; fileEncoding = 4; lastKnownFileType = sourcecode.c.h; path = regex.h; sourceTree = "<group>"; };
		16C29E491E6ACBD90027AAC1 /* stack.h */ = {isa = PBXFileReference; fileEncoding = 4; lastKnownFileType = sourcecode.c.h; path = stack.h; sourceTree = "<group>"; };
		16C29E4A1E6ACBD90027AAC1 /* strfunc.h */ = {isa = PBXFileReference; fileEncoding = 4; lastKnownFileType = sourcecode.c.h; path = strfunc.h; sourceTree = "<group>"; };
		16C29E4B1E6ACBD90027AAC1 /* strtod.h */ = {isa = PBXFileReference; fileEncoding = 4; lastKnownFileType = sourcecode.c.h; path = strtod.h; sourceTree = "<group>"; };
		16C29E4C1E6ACBD90027AAC1 /* swap.h */ = {isa = PBXFileReference; fileEncoding = 4; lastKnownFileType = sourcecode.c.h; path = swap.h; sourceTree = "<group>"; };
		16C29E4D1E6ACBD90027AAC1 /* istreamwrapper.h */ = {isa = PBXFileReference; fileEncoding = 4; lastKnownFileType = sourcecode.c.h; path = istreamwrapper.h; sourceTree = "<group>"; };
		16C29E4E1E6ACBD90027AAC1 /* memorybuffer.h */ = {isa = PBXFileReference; fileEncoding = 4; lastKnownFileType = sourcecode.c.h; path = memorybuffer.h; sourceTree = "<group>"; };
		16C29E4F1E6ACBD90027AAC1 /* memorystream.h */ = {isa = PBXFileReference; fileEncoding = 4; lastKnownFileType = sourcecode.c.h; path = memorystream.h; sourceTree = "<group>"; };
		16C29E511E6ACBD90027AAC1 /* inttypes.h */ = {isa = PBXFileReference; fileEncoding = 4; lastKnownFileType = sourcecode.c.h; path = inttypes.h; sourceTree = "<group>"; };
		16C29E521E6ACBD90027AAC1 /* stdint.h */ = {isa = PBXFileReference; fileEncoding = 4; lastKnownFileType = sourcecode.c.h; path = stdint.h; sourceTree = "<group>"; };
		16C29E531E6ACBD90027AAC1 /* ostreamwrapper.h */ = {isa = PBXFileReference; fileEncoding = 4; lastKnownFileType = sourcecode.c.h; path = ostreamwrapper.h; sourceTree = "<group>"; };
		16C29E541E6ACBD90027AAC1 /* pointer.h */ = {isa = PBXFileReference; fileEncoding = 4; lastKnownFileType = sourcecode.c.h; path = pointer.h; sourceTree = "<group>"; };
		16C29E551E6ACBD90027AAC1 /* prettywriter.h */ = {isa = PBXFileReference; fileEncoding = 4; lastKnownFileType = sourcecode.c.h; path = prettywriter.h; sourceTree = "<group>"; };
		16C29E561E6ACBD90027AAC1 /* rapidjson.h */ = {isa = PBXFileReference; fileEncoding = 4; lastKnownFileType = sourcecode.c.h; path = rapidjson.h; sourceTree = "<group>"; };
		16C29E571E6ACBD90027AAC1 /* reader.h */ = {isa = PBXFileReference; fileEncoding = 4; lastKnownFileType = sourcecode.c.h; path = reader.h; sourceTree = "<group>"; };
		16C29E581E6ACBD90027AAC1 /* schema.h */ = {isa = PBXFileReference; fileEncoding = 4; lastKnownFileType = sourcecode.c.h; path = schema.h; sourceTree = "<group>"; };
		16C29E591E6ACBD90027AAC1 /* stream.h */ = {isa = PBXFileReference; fileEncoding = 4; lastKnownFileType = sourcecode.c.h; path = stream.h; sourceTree = "<group>"; };
		16C29E5A1E6ACBD90027AAC1 /* stringbuffer.h */ = {isa = PBXFileReference; fileEncoding = 4; lastKnownFileType = sourcecode.c.h; path = stringbuffer.h; sourceTree = "<group>"; };
		16C29E5B1E6ACBD90027AAC1 /* writer.h */ = {isa = PBXFileReference; fileEncoding = 4; lastKnownFileType = sourcecode.c.h; path = writer.h; sourceTree = "<group>"; };
		16C29E5C1E6AE49F0027AAC1 /* BSON.cpp */ = {isa = PBXFileReference; fileEncoding = 4; lastKnownFileType = sourcecode.cpp.cpp; path = BSON.cpp; sourceTree = "<group>"; };
		16C29E5D1E6AE49F0027AAC1 /* BSON.hpp */ = {isa = PBXFileReference; fileEncoding = 4; lastKnownFileType = sourcecode.cpp.h; path = BSON.hpp; sourceTree = "<group>"; };
		16C29E601E6AE5070027AAC1 /* mongodump.airpair.tags.bson */ = {isa = PBXFileReference; lastKnownFileType = file; path = mongodump.airpair.tags.bson; sourceTree = "<group>"; };
		16C29E611E6AE5070027AAC1 /* test.bson */ = {isa = PBXFileReference; lastKnownFileType = file; path = test.bson; sourceTree = "<group>"; };
		16ED55E31E6D6ED9009AF2DC /* identities.bson */ = {isa = PBXFileReference; lastKnownFileType = file; path = identities.bson; sourceTree = "<group>"; };
		16ED55E61E6DC11D009AF2DC /* clerks.bson */ = {isa = PBXFileReference; lastKnownFileType = file; path = clerks.bson; sourceTree = "<group>"; };
/* End PBXFileReference section */

/* Begin PBXFrameworksBuildPhase section */
		16C29E0C1E6A97F20027AAC1 /* Frameworks */ = {
			isa = PBXFrameworksBuildPhase;
			buildActionMask = 2147483647;
			files = (
			);
			runOnlyForDeploymentPostprocessing = 0;
		};
/* End PBXFrameworksBuildPhase section */

/* Begin PBXGroup section */
		16C29E061E6A97F20027AAC1 = {
			isa = PBXGroup;
			children = (
				16C29E5F1E6AE5070027AAC1 /* samples */,
				16C29E251E6AAFFD0027AAC1 /* Makefile */,
				16C29E341E6ACBD90027AAC1 /* include */,
				16C29E261E6AAFFD0027AAC1 /* lib */,
				16C29E271E6AAFFD0027AAC1 /* test */,
				16C29E281E6AAFFD0027AAC1 /* doc */,
				16C29E2A1E6AAFFD0027AAC1 /* src */,
				16C29E2C1E6AAFFD0027AAC1 /* README.md */,
				16C29E101E6A97F20027AAC1 /* Products */,
			);
			sourceTree = "<group>";
		};
		16C29E101E6A97F20027AAC1 /* Products */ = {
			isa = PBXGroup;
			children = (
				16C29E0F1E6A97F20027AAC1 /* bsonparser */,
			);
			name = Products;
			sourceTree = "<group>";
		};
		16C29E261E6AAFFD0027AAC1 /* lib */ = {
			isa = PBXGroup;
			children = (
			);
			path = lib;
			sourceTree = "<group>";
		};
		16C29E271E6AAFFD0027AAC1 /* test */ = {
			isa = PBXGroup;
			children = (
			);
			path = test;
			sourceTree = "<group>";
		};
		16C29E281E6AAFFD0027AAC1 /* doc */ = {
			isa = PBXGroup;
			children = (
			);
			path = doc;
			sourceTree = "<group>";
		};
		16C29E2A1E6AAFFD0027AAC1 /* src */ = {
			isa = PBXGroup;
			children = (
				16C29E5C1E6AE49F0027AAC1 /* BSON.cpp */,
				16C29E5D1E6AE49F0027AAC1 /* BSON.hpp */,
				16C29E2B1E6AAFFD0027AAC1 /* main.cpp */,
			);
			path = src;
			sourceTree = "<group>";
		};
		16C29E341E6ACBD90027AAC1 /* include */ = {
			isa = PBXGroup;
			children = (
				16C29E351E6ACBD90027AAC1 /* rapidjson */,
			);
			path = include;
			sourceTree = "<group>";
		};
		16C29E351E6ACBD90027AAC1 /* rapidjson */ = {
			isa = PBXGroup;
			children = (
				16C29E361E6ACBD90027AAC1 /* allocators.h */,
				16C29E371E6ACBD90027AAC1 /* document.h */,
				16C29E381E6ACBD90027AAC1 /* encodedstream.h */,
				16C29E391E6ACBD90027AAC1 /* encodings.h */,
				16C29E3A1E6ACBD90027AAC1 /* error */,
				16C29E3D1E6ACBD90027AAC1 /* filereadstream.h */,
				16C29E3E1E6ACBD90027AAC1 /* filewritestream.h */,
				16C29E3F1E6ACBD90027AAC1 /* fwd.h */,
				16C29E401E6ACBD90027AAC1 /* internal */,
				16C29E4D1E6ACBD90027AAC1 /* istreamwrapper.h */,
				16C29E4E1E6ACBD90027AAC1 /* memorybuffer.h */,
				16C29E4F1E6ACBD90027AAC1 /* memorystream.h */,
				16C29E501E6ACBD90027AAC1 /* msinttypes */,
				16C29E531E6ACBD90027AAC1 /* ostreamwrapper.h */,
				16C29E541E6ACBD90027AAC1 /* pointer.h */,
				16C29E551E6ACBD90027AAC1 /* prettywriter.h */,
				16C29E561E6ACBD90027AAC1 /* rapidjson.h */,
				16C29E571E6ACBD90027AAC1 /* reader.h */,
				16C29E581E6ACBD90027AAC1 /* schema.h */,
				16C29E591E6ACBD90027AAC1 /* stream.h */,
				16C29E5A1E6ACBD90027AAC1 /* stringbuffer.h */,
				16C29E5B1E6ACBD90027AAC1 /* writer.h */,
			);
			path = rapidjson;
			sourceTree = "<group>";
		};
		16C29E3A1E6ACBD90027AAC1 /* error */ = {
			isa = PBXGroup;
			children = (
				16C29E3B1E6ACBD90027AAC1 /* en.h */,
				16C29E3C1E6ACBD90027AAC1 /* error.h */,
			);
			path = error;
			sourceTree = "<group>";
		};
		16C29E401E6ACBD90027AAC1 /* internal */ = {
			isa = PBXGroup;
			children = (
				16C29E411E6ACBD90027AAC1 /* biginteger.h */,
				16C29E421E6ACBD90027AAC1 /* diyfp.h */,
				16C29E431E6ACBD90027AAC1 /* dtoa.h */,
				16C29E441E6ACBD90027AAC1 /* ieee754.h */,
				16C29E451E6ACBD90027AAC1 /* itoa.h */,
				16C29E461E6ACBD90027AAC1 /* meta.h */,
				16C29E471E6ACBD90027AAC1 /* pow10.h */,
				16C29E481E6ACBD90027AAC1 /* regex.h */,
				16C29E491E6ACBD90027AAC1 /* stack.h */,
				16C29E4A1E6ACBD90027AAC1 /* strfunc.h */,
				16C29E4B1E6ACBD90027AAC1 /* strtod.h */,
				16C29E4C1E6ACBD90027AAC1 /* swap.h */,
			);
			path = internal;
			sourceTree = "<group>";
		};
		16C29E501E6ACBD90027AAC1 /* msinttypes */ = {
			isa = PBXGroup;
			children = (
				16C29E511E6ACBD90027AAC1 /* inttypes.h */,
				16C29E521E6ACBD90027AAC1 /* stdint.h */,
			);
			path = msinttypes;
			sourceTree = "<group>";
		};
		16C29E5F1E6AE5070027AAC1 /* samples */ = {
			isa = PBXGroup;
			children = (
				16ED55E61E6DC11D009AF2DC /* clerks.bson */,
				16ED55E31E6D6ED9009AF2DC /* identities.bson */,
				16A50C3F1E6D68BD00A6BA6D /* test2.bson */,
				16C29E601E6AE5070027AAC1 /* mongodump.airpair.tags.bson */,
				16C29E611E6AE5070027AAC1 /* test.bson */,
			);
			path = samples;
			sourceTree = "<group>";
		};
/* End PBXGroup section */

/* Begin PBXNativeTarget section */
		16C29E0E1E6A97F20027AAC1 /* bsonparser */ = {
			isa = PBXNativeTarget;
			buildConfigurationList = 16C29E161E6A97F20027AAC1 /* Build configuration list for PBXNativeTarget "bsonparser" */;
			buildPhases = (
				16C29E0B1E6A97F20027AAC1 /* Sources */,
				16C29E0C1E6A97F20027AAC1 /* Frameworks */,
				16C29E0D1E6A97F20027AAC1 /* CopyFiles */,
				16C29E621E6AE8110027AAC1 /* Resources */,
			);
			buildRules = (
			);
			dependencies = (
			);
			name = bsonparser;
			productName = bsonparser;
			productReference = 16C29E0F1E6A97F20027AAC1 /* bsonparser */;
			productType = "com.apple.product-type.tool";
		};
/* End PBXNativeTarget section */

/* Begin PBXProject section */
		16C29E071E6A97F20027AAC1 /* Project object */ = {
			isa = PBXProject;
			attributes = {
				LastUpgradeCheck = 0820;
				ORGANIZATIONNAME = "Mario Cornejo";
				TargetAttributes = {
					16C29E0E1E6A97F20027AAC1 = {
						CreatedOnToolsVersion = 8.0;
						ProvisioningStyle = Automatic;
					};
				};
			};
			buildConfigurationList = 16C29E0A1E6A97F20027AAC1 /* Build configuration list for PBXProject "bsonparser" */;
			compatibilityVersion = "Xcode 8.0";
			developmentRegion = English;
			hasScannedForEncodings = 0;
			knownRegions = (
				en,
			);
			mainGroup = 16C29E061E6A97F20027AAC1;
			productRefGroup = 16C29E101E6A97F20027AAC1 /* Products */;
			projectDirPath = "";
			projectRoot = "";
			targets = (
				16C29E0E1E6A97F20027AAC1 /* bsonparser */,
			);
		};
/* End PBXProject section */

/* Begin PBXResourcesBuildPhase section */
		16C29E621E6AE8110027AAC1 /* Resources */ = {
			isa = PBXResourcesBuildPhase;
			buildActionMask = 2147483647;
			files = (
				16ED55E81E6DC12B009AF2DC /* test2.bson in Resources */,
				16ED55E91E6DC12B009AF2DC /* test.bson in Resources */,
				16ED55E41E6D6ED9009AF2DC /* identities.bson in Resources */,
				16ED55E71E6DC11D009AF2DC /* clerks.bson in Resources */,
			);
			runOnlyForDeploymentPostprocessing = 0;
		};
/* End PBXResourcesBuildPhase section */

/* Begin PBXSourcesBuildPhase section */
		16C29E0B1E6A97F20027AAC1 /* Sources */ = {
			isa = PBXSourcesBuildPhase;
			buildActionMask = 2147483647;
			files = (
				16C29E2F1E6AAFFD0027AAC1 /* README.md in Sources */,
				16C29E2E1E6AAFFD0027AAC1 /* main.cpp in Sources */,
				16C29E2D1E6AAFFD0027AAC1 /* Makefile in Sources */,
				16C29E5E1E6AE49F0027AAC1 /* BSON.cpp in Sources */,
			);
			runOnlyForDeploymentPostprocessing = 0;
		};
/* End PBXSourcesBuildPhase section */

/* Begin XCBuildConfiguration section */
		16C29E141E6A97F20027AAC1 /* Debug */ = {
			isa = XCBuildConfiguration;
			buildSettings = {
				ALWAYS_SEARCH_USER_PATHS = NO;
				CLANG_ANALYZER_NONNULL = YES;
				CLANG_CXX_LANGUAGE_STANDARD = "gnu++0x";
				CLANG_CXX_LIBRARY = "libc++";
				CLANG_ENABLE_MODULES = YES;
				CLANG_ENABLE_OBJC_ARC = YES;
				CLANG_WARN_BOOL_CONVERSION = YES;
				CLANG_WARN_CONSTANT_CONVERSION = YES;
				CLANG_WARN_DIRECT_OBJC_ISA_USAGE = YES_ERROR;
				CLANG_WARN_DOCUMENTATION_COMMENTS = YES;
				CLANG_WARN_EMPTY_BODY = YES;
				CLANG_WARN_ENUM_CONVERSION = YES;
				CLANG_WARN_INFINITE_RECURSION = YES;
				CLANG_WARN_INT_CONVERSION = YES;
				CLANG_WARN_OBJC_ROOT_CLASS = YES_ERROR;
				CLANG_WARN_SUSPICIOUS_MOVE = YES;
				CLANG_WARN_SUSPICIOUS_MOVES = YES;
				CLANG_WARN_UNREACHABLE_CODE = YES;
				CLANG_WARN__DUPLICATE_METHOD_MATCH = YES;
				CODE_SIGN_IDENTITY = "-";
				COPY_PHASE_STRIP = NO;
				DEBUG_INFORMATION_FORMAT = dwarf;
				ENABLE_STRICT_OBJC_MSGSEND = YES;
				ENABLE_TESTABILITY = YES;
				GCC_C_LANGUAGE_STANDARD = gnu99;
				GCC_DYNAMIC_NO_PIC = NO;
				GCC_NO_COMMON_BLOCKS = YES;
				GCC_OPTIMIZATION_LEVEL = 0;
				GCC_PREPROCESSOR_DEFINITIONS = (
					"DEBUG=1",
					"$(inherited)",
				);
				GCC_WARN_64_TO_32_BIT_CONVERSION = YES;
				GCC_WARN_ABOUT_RETURN_TYPE = YES_ERROR;
				GCC_WARN_UNDECLARED_SELECTOR = YES;
				GCC_WARN_UNINITIALIZED_AUTOS = YES_AGGRESSIVE;
				GCC_WARN_UNUSED_FUNCTION = YES;
				GCC_WARN_UNUSED_VARIABLE = YES;
				MACOSX_DEPLOYMENT_TARGET = 10.12;
				MTL_ENABLE_DEBUG_INFO = YES;
				ONLY_ACTIVE_ARCH = YES;
				SDKROOT = macosx;
			};
			name = Debug;
		};
		16C29E151E6A97F20027AAC1 /* Release */ = {
			isa = XCBuildConfiguration;
			buildSettings = {
				ALWAYS_SEARCH_USER_PATHS = NO;
				CLANG_ANALYZER_NONNULL = YES;
				CLANG_CXX_LANGUAGE_STANDARD = "gnu++0x";
				CLANG_CXX_LIBRARY = "libc++";
				CLANG_ENABLE_MODULES = YES;
				CLANG_ENABLE_OBJC_ARC = YES;
				CLANG_WARN_BOOL_CONVERSION = YES;
				CLANG_WARN_CONSTANT_CONVERSION = YES;
				CLANG_WARN_DIRECT_OBJC_ISA_USAGE = YES_ERROR;
				CLANG_WARN_DOCUMENTATION_COMMENTS = YES;
				CLANG_WARN_EMPTY_BODY = YES;
				CLANG_WARN_ENUM_CONVERSION = YES;
				CLANG_WARN_INFINITE_RECURSION = YES;
				CLANG_WARN_INT_CONVERSION = YES;
				CLANG_WARN_OBJC_ROOT_CLASS = YES_ERROR;
				CLANG_WARN_SUSPICIOUS_MOVE = YES;
				CLANG_WARN_SUSPICIOUS_MOVES = YES;
				CLANG_WARN_UNREACHABLE_CODE = YES;
				CLANG_WARN__DUPLICATE_METHOD_MATCH = YES;
				CODE_SIGN_IDENTITY = "-";
				COPY_PHASE_STRIP = NO;
				DEBUG_INFORMATION_FORMAT = "dwarf-with-dsym";
				ENABLE_NS_ASSERTIONS = NO;
				ENABLE_STRICT_OBJC_MSGSEND = YES;
				GCC_C_LANGUAGE_STANDARD = gnu99;
				GCC_NO_COMMON_BLOCKS = YES;
				GCC_WARN_64_TO_32_BIT_CONVERSION = YES;
				GCC_WARN_ABOUT_RETURN_TYPE = YES_ERROR;
				GCC_WARN_UNDECLARED_SELECTOR = YES;
				GCC_WARN_UNINITIALIZED_AUTOS = YES_AGGRESSIVE;
				GCC_WARN_UNUSED_FUNCTION = YES;
				GCC_WARN_UNUSED_VARIABLE = YES;
				MACOSX_DEPLOYMENT_TARGET = 10.12;
				MTL_ENABLE_DEBUG_INFO = NO;
				SDKROOT = macosx;
			};
			name = Release;
		};
		16C29E171E6A97F20027AAC1 /* Debug */ = {
			isa = XCBuildConfiguration;
			buildSettings = {
				PRODUCT_NAME = "$(TARGET_NAME)";
				USER_HEADER_SEARCH_PATHS = "$(PROJECT_DIR)/include/**";
			};
			name = Debug;
		};
		16C29E181E6A97F20027AAC1 /* Release */ = {
			isa = XCBuildConfiguration;
			buildSettings = {
				PRODUCT_NAME = "$(TARGET_NAME)";
				USER_HEADER_SEARCH_PATHS = "$(PROJECT_DIR)/include/**";
			};
			name = Release;
		};
/* End XCBuildConfiguration section */

/* Begin XCConfigurationList section */
		16C29E0A1E6A97F20027AAC1 /* Build configuration list for PBXProject "bsonparser" */ = {
			isa = XCConfigurationList;
			buildConfigurations = (
				16C29E141E6A97F20027AAC1 /* Debug */,
				16C29E151E6A97F20027AAC1 /* Release */,
			);
			defaultConfigurationIsVisible = 0;
			defaultConfigurationName = Release;
		};
		16C29E161E6A97F20027AAC1 /* Build configuration list for PBXNativeTarget "bsonparser" */ = {
			isa = XCConfigurationList;
			buildConfigurations = (
				16C29E171E6A97F20027AAC1 /* Debug */,
				16C29E181E6A97F20027AAC1 /* Release */,
			);
			defaultConfigurationIsVisible = 0;
			defaultConfigurationName = Release;
		};
/* End XCConfigurationList section */
	};
	rootObject = 16C29E071E6A97F20027AAC1 /* Project object */;
}
